# THIS IS AN AUTOGENERATED FILE. DO NOT EDIT THIS FILE DIRECTLY.
# yarn lockfile v1


alpinejs@^2.6.0:
  version "2.6.0"
  resolved "https://registry.yarnpkg.com/alpinejs/-/alpinejs-2.6.0.tgz#0ff340e51e632fa4ed25f1c4ee0ce2515bd77491"
  integrity sha512-4cW3zU17JIYzq6uS3asozwKIMVe5A7wrIfn3o0SNsH1YZ4D3cR2Cs+YThvf4dU3/O7EBzExBY4Dhd8LjtCnEqA==
